PODS:
  - libwebp (1.1.0):
    - libwebp/demux (= 1.1.0)
    - libwebp/mux (= 1.1.0)
    - libwebp/webp (= 1.1.0)
  - libwebp/demux (1.1.0):
    - libwebp/webp
  - libwebp/mux (1.1.0):
    - libwebp/demux
  - libwebp/webp (1.1.0)
  - SDWebImage (5.10.0):
    - SDWebImage/Core (= 5.10.0)
  - SDWebImage/Core (5.10.0)
  - SDWebImageWebPCoder (0.8.0):
    - libwebp (~> 1.0)
    - SDWebImage/Core (~> 5.10)

DEPENDENCIES:
  - SDWebImage (~> 5.10.0)
  - SDWebImageWebPCoder (~> 0.8.0)

SPEC REPOS:
  trunk:
    - libwebp
    - SDWebImage
    - SDWebImageWebPCoder

SPEC CHECKSUMS:
  libwebp: 946cb3063cea9236285f7e9a8505d806d30e07f3
  SDWebImage: 9169792e9eec3e45bba2a0c02f74bf8bd922d1ee
  SDWebImageWebPCoder: e5f9fae2face076b66b19fba5e13b405e4d3f335

PODFILE CHECKSUM: 096c7f091897cf865dbf4fb02939c150315496d0

COCOAPODS: 1.9.1
