PODS:
  - libwebp (1.1.0):
    - libwebp/demux (= 1.1.0)
    - libwebp/mux (= 1.1.0)
    - libwebp/webp (= 1.1.0)
  - libwebp/demux (1.1.0):
    - libwebp/webp
  - libwebp/mux (1.1.0):
    - libwebp/demux
  - libwebp/webp (1.1.0)
  - SDWebImage (5.8.3):
    - SDWebImage/Core (= 5.8.3)
  - SDWebImage/Core (5.8.3)
  - SDWebImageWebPCoder (0.6.1):
    - libwebp (~> 1.0)
    - SDWebImage/Core (~> 5.7)

DEPENDENCIES:
  - SDWebImage (~> 5.8)
  - SDWebImageWebPCoder (~> 0.6)

SPEC REPOS:
  trunk:
    - libwebp
    - SDWebImage
    - SDWebImageWebPCoder

SPEC CHECKSUMS:
  libwebp: 946cb3063cea9236285f7e9a8505d806d30e07f3
  SDWebImage: 112503ec94a5a2a41869503844a15e8d8f1ead5c
  SDWebImageWebPCoder: d0dac55073088d24b2ac1b191a71a8f8d0adac21

PODFILE CHECKSUM: c3d659b6d006e4adcf49bef61e89813922d84920

COCOAPODS: 1.9.1
