PODS:
  - libwebp (1.0.3):
    - libwebp/demux (= 1.0.3)
    - libwebp/mux (= 1.0.3)
    - libwebp/webp (= 1.0.3)
  - libwebp/demux (1.0.3):
    - libwebp/webp
  - libwebp/mux (1.0.3):
    - libwebp/demux
  - libwebp/webp (1.0.3)
  - SDWebImage/Core (5.3.1)
  - SDWebImageWebPCoder (0.2.5):
    - libwebp (~> 1.0)
    - SDWebImage/Core (~> 5.0)

DEPENDENCIES:
  - SDWebImageWebPCoder

SPEC REPOS:
  trunk:
    - libwebp
    - SDWebImage
    - SDWebImageWebPCoder

SPEC CHECKSUMS:
  libwebp: 057912d6d0abfb6357d8bb05c0ea470301f5d61e
  SDWebImage: 7137d57385fb632129838c1e6ab9528a22c666cc
  SDWebImageWebPCoder: 947093edd1349d820c40afbd9f42acb6cdecd987

PODFILE CHECKSUM: cd487f2d7904661190da39ee576a3e154bc86bdd

COCOAPODS: 1.8.0
